
Microsoft Visual Studio Solution File, Format Version 12.00
# Visual Studio Version 17
VisualStudioVersion = 17.13.35931.197 d17.13
MinimumVisualStudioVersion = 10.0.40219.1
Project("{FAE04EC0-301F-11D3-BF4B-00C04F79EFBC}") = "theMenu", "theMenu\theMenu.csproj", "{ADB8496B-92D6-4B49-9B62-96F42449AAE0}"
EndProject
Global
	GlobalSection(SolutionConfigurationPlatforms) = preSolution
		Debug|Any CPU = Debug|Any CPU
		Release|Any CPU = Release|Any CPU
	EndGlobalSection
	GlobalSection(ProjectConfigurationPlatforms) = postSolution
		{ADB8496B-92D6-4B49-9B62-96F42449AAE0}.Debug|Any CPU.ActiveCfg = Debug|Any CPU
		{ADB8496B-92D6-4B49-9B62-96F42449AAE0}.Debug|Any CPU.Build.0 = Debug|Any CPU
		{ADB8496B-92D6-4B49-9B62-96F42449AAE0}.Release|Any CPU.ActiveCfg = Release|Any CPU
		{ADB8496B-92D6-4B49-9B62-96F42449AAE0}.Release|Any CPU.Build.0 = Release|Any CPU
	EndGlobalSection
	GlobalSection(SolutionProperties) = preSolution
		HideSolutionNode = FALSE
	EndGlobalSection
	GlobalSection(ExtensibilityGlobals) = postSolution
		SolutionGuid = {BAFD3A8F-E4C3-469B-AEA7-130EF94DB96B}
	EndGlobalSection
EndGlobal
